
Microsoft Visual Studio Solution File, Format Version 12.00
# Visual Studio Version 16
VisualStudioVersion = 16.0.30523.141
MinimumVisualStudioVersion = 10.0.40219.1
Project("{FAE04EC0-301F-11D3-BF4B-00C04F79EFBC}") = "SE VR", "SEVR\SEVR.csproj", "{1C139B03-19B0-4E7A-B5E3-F21ACD5573D5}"
EndProject
Global
	GlobalSection(SolutionConfigurationPlatforms) = preSolution
		Debug|Any CPU = Debug|Any CPU
		Release|Any CPU = Release|Any CPU
	EndGlobalSection
	GlobalSection(ProjectConfigurationPlatforms) = postSolution
		{1C139B03-19B0-4E7A-B5E3-F21ACD5573D5}.Debug|Any CPU.ActiveCfg = Debug|Any CPU
		{1C139B03-19B0-4E7A-B5E3-F21ACD5573D5}.Debug|Any CPU.Build.0 = Debug|Any CPU
		{1C139B03-19B0-4E7A-B5E3-F21ACD5573D5}.Release|Any CPU.ActiveCfg = Release|Any CPU
		{1C139B03-19B0-4E7A-B5E3-F21ACD5573D5}.Release|Any CPU.Build.0 = Release|Any CPU
	EndGlobalSection
	GlobalSection(SolutionProperties) = preSolution
		HideSolutionNode = FALSE
	EndGlobalSection
	GlobalSection(ExtensibilityGlobals) = postSolution
		SolutionGuid = {11F4D121-4F92-473A-B11E-6B9E70D6FD18}
	EndGlobalSection
EndGlobal
